
Microsoft Visual Studio Solution File, Format Version 12.00
# Visual Studio Version 16
VisualStudioVersion = 16.0.29806.167
MinimumVisualStudioVersion = 10.0.40219.1
Project("{2150E333-8FDC-42A3-9474-1A3956D46DE8}") = "src", "src", "{99FB9F14-B094-4709-93FD-F83B05525616}"
EndProject
Project("{2150E333-8FDC-42A3-9474-1A3956D46DE8}") = "services", "services", "{2B98052F-5914-41E2-AD97-B38F75D807FA}"
EndProject
Project("{2150E333-8FDC-42A3-9474-1A3956D46DE8}") = "web", "web", "{7BCD689E-D21B-4B88-B2E6-440565A87746}"
EndProject
Project("{9A19103F-16F7-4668-BE54-9A1E7A4F7556}") = "ProductCatalogApi", "ProductCatalogApi\ProductCatalogApi.csproj", "{4EC470FE-0408-4B0F-A416-6841E0C05076}"
EndProject
Project("{E53339B2-1760-4266-BCC7-CA923CBCF16C}") = "docker-compose", "docker-compose.dcproj", "{269665FA-2916-4E2A-BC7F-5E8494690C7C}"
EndProject
Project("{9A19103F-16F7-4668-BE54-9A1E7A4F7556}") = "WebMVC", "WebMVC\WebMVC.csproj", "{8C33AAA3-6C5B-4CB3-B26F-E74558ACA174}"
EndProject
Project("{9A19103F-16F7-4668-BE54-9A1E7A4F7556}") = "TokenServiceApi", "TokenServiceApi\TokenServiceApi.csproj", "{5C20C77C-BCFF-4ECB-A01F-1C3EEEBC0B71}"
EndProject
Global
	GlobalSection(SolutionConfigurationPlatforms) = preSolution
		Debug|Any CPU = Debug|Any CPU
		Release|Any CPU = Release|Any CPU
	EndGlobalSection
	GlobalSection(ProjectConfigurationPlatforms) = postSolution
		{4EC470FE-0408-4B0F-A416-6841E0C05076}.Debug|Any CPU.ActiveCfg = Debug|Any CPU
		{4EC470FE-0408-4B0F-A416-6841E0C05076}.Debug|Any CPU.Build.0 = Debug|Any CPU
		{4EC470FE-0408-4B0F-A416-6841E0C05076}.Release|Any CPU.ActiveCfg = Release|Any CPU
		{4EC470FE-0408-4B0F-A416-6841E0C05076}.Release|Any CPU.Build.0 = Release|Any CPU
		{269665FA-2916-4E2A-BC7F-5E8494690C7C}.Debug|Any CPU.ActiveCfg = Debug|Any CPU
		{269665FA-2916-4E2A-BC7F-5E8494690C7C}.Debug|Any CPU.Build.0 = Debug|Any CPU
		{269665FA-2916-4E2A-BC7F-5E8494690C7C}.Release|Any CPU.ActiveCfg = Release|Any CPU
		{269665FA-2916-4E2A-BC7F-5E8494690C7C}.Release|Any CPU.Build.0 = Release|Any CPU
		{8C33AAA3-6C5B-4CB3-B26F-E74558ACA174}.Debug|Any CPU.ActiveCfg = Debug|Any CPU
		{8C33AAA3-6C5B-4CB3-B26F-E74558ACA174}.Debug|Any CPU.Build.0 = Debug|Any CPU
		{8C33AAA3-6C5B-4CB3-B26F-E74558ACA174}.Release|Any CPU.ActiveCfg = Release|Any CPU
		{8C33AAA3-6C5B-4CB3-B26F-E74558ACA174}.Release|Any CPU.Build.0 = Release|Any CPU
		{5C20C77C-BCFF-4ECB-A01F-1C3EEEBC0B71}.Debug|Any CPU.ActiveCfg = Debug|Any CPU
		{5C20C77C-BCFF-4ECB-A01F-1C3EEEBC0B71}.Debug|Any CPU.Build.0 = Debug|Any CPU
		{5C20C77C-BCFF-4ECB-A01F-1C3EEEBC0B71}.Release|Any CPU.ActiveCfg = Release|Any CPU
		{5C20C77C-BCFF-4ECB-A01F-1C3EEEBC0B71}.Release|Any CPU.Build.0 = Release|Any CPU
	EndGlobalSection
	GlobalSection(SolutionProperties) = preSolution
		HideSolutionNode = FALSE
	EndGlobalSection
	GlobalSection(NestedProjects) = preSolution
		{2B98052F-5914-41E2-AD97-B38F75D807FA} = {99FB9F14-B094-4709-93FD-F83B05525616}
		{7BCD689E-D21B-4B88-B2E6-440565A87746} = {99FB9F14-B094-4709-93FD-F83B05525616}
		{4EC470FE-0408-4B0F-A416-6841E0C05076} = {2B98052F-5914-41E2-AD97-B38F75D807FA}
		{8C33AAA3-6C5B-4CB3-B26F-E74558ACA174} = {7BCD689E-D21B-4B88-B2E6-440565A87746}
		{5C20C77C-BCFF-4ECB-A01F-1C3EEEBC0B71} = {2B98052F-5914-41E2-AD97-B38F75D807FA}
	EndGlobalSection
	GlobalSection(ExtensibilityGlobals) = postSolution
		SolutionGuid = {E629BE71-0364-4BDF-A9C6-7FA7FAA4AC7E}
	EndGlobalSection
EndGlobal
